
Microsoft Visual Studio Solution File, Format Version 12.00
# Visual Studio 15
VisualStudioVersion = 15.0.28010.2016
MinimumVisualStudioVersion = 10.0.40219.1
Project("{FAE04EC0-301F-11D3-BF4B-00C04F79EFBC}") = "Ex35 observer pattern", "Ex35 observer pattern\Ex35 observer pattern.csproj", "{5F03A4F1-397F-4DF2-8A52-62C29E8B4977}"
EndProject
Project("{FAE04EC0-301F-11D3-BF4B-00C04F79EFBC}") = "UnitTestProject1", "UnitTestProject1\UnitTestProject1.csproj", "{C5C7D67E-C68D-4A2B-B0A2-A51C9EE8DE9B}"
EndProject
Global
	GlobalSection(SolutionConfigurationPlatforms) = preSolution
		Debug|Any CPU = Debug|Any CPU
		Release|Any CPU = Release|Any CPU
	EndGlobalSection
	GlobalSection(ProjectConfigurationPlatforms) = postSolution
		{5F03A4F1-397F-4DF2-8A52-62C29E8B4977}.Debug|Any CPU.ActiveCfg = Debug|Any CPU
		{5F03A4F1-397F-4DF2-8A52-62C29E8B4977}.Debug|Any CPU.Build.0 = Debug|Any CPU
		{5F03A4F1-397F-4DF2-8A52-62C29E8B4977}.Release|Any CPU.ActiveCfg = Release|Any CPU
		{5F03A4F1-397F-4DF2-8A52-62C29E8B4977}.Release|Any CPU.Build.0 = Release|Any CPU
		{C5C7D67E-C68D-4A2B-B0A2-A51C9EE8DE9B}.Debug|Any CPU.ActiveCfg = Debug|Any CPU
		{C5C7D67E-C68D-4A2B-B0A2-A51C9EE8DE9B}.Debug|Any CPU.Build.0 = Debug|Any CPU
		{C5C7D67E-C68D-4A2B-B0A2-A51C9EE8DE9B}.Release|Any CPU.ActiveCfg = Release|Any CPU
		{C5C7D67E-C68D-4A2B-B0A2-A51C9EE8DE9B}.Release|Any CPU.Build.0 = Release|Any CPU
	EndGlobalSection
	GlobalSection(SolutionProperties) = preSolution
		HideSolutionNode = FALSE
	EndGlobalSection
	GlobalSection(ExtensibilityGlobals) = postSolution
		SolutionGuid = {D94A870A-A80D-43ED-906C-846BCA4B396A}
	EndGlobalSection
EndGlobal
